
Microsoft Visual Studio Solution File, Format Version 12.00
# Visual Studio Version 16
VisualStudioVersion = 16.0.33214.272
MinimumVisualStudioVersion = 10.0.40219.1
Project("{FAE04EC0-301F-11D3-BF4B-00C04F79EFBC}") = "Eportafolio", "Eportafolio\Eportafolio.csproj", "{7713EF18-7125-42F9-8FBA-1AC9F21C4034}"
EndProject
Global
	GlobalSection(SolutionConfigurationPlatforms) = preSolution
		Debug|Any CPU = Debug|Any CPU
		Release|Any CPU = Release|Any CPU
	EndGlobalSection
	GlobalSection(ProjectConfigurationPlatforms) = postSolution
		{7713EF18-7125-42F9-8FBA-1AC9F21C4034}.Debug|Any CPU.ActiveCfg = Debug|Any CPU
		{7713EF18-7125-42F9-8FBA-1AC9F21C4034}.Debug|Any CPU.Build.0 = Debug|Any CPU
		{7713EF18-7125-42F9-8FBA-1AC9F21C4034}.Release|Any CPU.ActiveCfg = Release|Any CPU
		{7713EF18-7125-42F9-8FBA-1AC9F21C4034}.Release|Any CPU.Build.0 = Release|Any CPU
	EndGlobalSection
	GlobalSection(SolutionProperties) = preSolution
		HideSolutionNode = FALSE
	EndGlobalSection
	GlobalSection(ExtensibilityGlobals) = postSolution
		SolutionGuid = {B2A79883-554D-4B2C-9482-AF0FC66D3C46}
	EndGlobalSection
EndGlobal
